<?xml version="1.0" encoding="utf-8"?>
<Project ToolsVersion="4.0" xmlns="http://schemas.microsoft.com/developer/msbuild/2003">
  <ItemGroup>
    <Filter Include="Sources">
      <UniqueIdentifier>{3f45df4e-06ed-40a4-b39b-1d0366acabaf}</UniqueIdentifier>
    </Filter>
    <Filter Include="Sources\VkApp">
      <UniqueIdentifier>{df7d358d-7b44-414a-a912-b72e2fc8eab4}</UniqueIdentifier>
    </Filter>
    <Filter Include="Sources\Memory">
      <UniqueIdentifier>{6cd4c625-e001-4688-acb2-2b68faf85fdd}</UniqueIdentifier>
    </Filter>
  </ItemGroup>
  <ItemGroup>
    <ClInclude Include="VkApp\VkApp.h">
      <Filter>Sources\VkApp</Filter>
    </ClInclude>
    <ClInclude Include="Memory\Allocator.h">
      <Filter>Sources\Memory</Filter>
    </ClInclude>
    <ClInclude Include="GlobalInclude.h">
      <Filter>Sources</Filter>
    </ClInclude>
    <ClInclude Include="Memory\Resources.h">
      <Filter>Sources\Memory</Filter>
    </ClInclude>
  </ItemGroup>
  <ItemGroup>
    <ClCompile Include="main.cpp">
      <Filter>Sources</Filter>
    </ClCompile>
    <ClCompile Include="VkApp\VkApp.cpp">
      <Filter>Sources\VkApp</Filter>
    </ClCompile>
    <ClCompile Include="Memory\Allocator.cpp">
      <Filter>Sources\Memory</Filter>
    </ClCompile>
    <ClCompile Include="Memory\Resources.cpp">
      <Filter>Sources\Memory</Filter>
    </ClCompile>
  </ItemGroup>
</Project>